
Microsoft Visual Studio Solution File, Format Version 12.00
# Visual Studio 15
VisualStudioVersion = 15.0.28307.852
MinimumVisualStudioVersion = 10.0.40219.1
Project("{FAE04EC0-301F-11D3-BF4B-00C04F79EFBC}") = "Agency", "Agency\Agency.csproj", "{78B774E5-445E-414C-8650-430BC6C6E121}"
EndProject
Global
	GlobalSection(SolutionConfigurationPlatforms) = preSolution
		Debug|Any CPU = Debug|Any CPU
		Release|Any CPU = Release|Any CPU
	EndGlobalSection
	GlobalSection(ProjectConfigurationPlatforms) = postSolution
		{78B774E5-445E-414C-8650-430BC6C6E121}.Debug|Any CPU.ActiveCfg = Debug|Any CPU
		{78B774E5-445E-414C-8650-430BC6C6E121}.Debug|Any CPU.Build.0 = Debug|Any CPU
		{78B774E5-445E-414C-8650-430BC6C6E121}.Release|Any CPU.ActiveCfg = Release|Any CPU
		{78B774E5-445E-414C-8650-430BC6C6E121}.Release|Any CPU.Build.0 = Release|Any CPU
	EndGlobalSection
	GlobalSection(SolutionProperties) = preSolution
		HideSolutionNode = FALSE
	EndGlobalSection
	GlobalSection(ExtensibilityGlobals) = postSolution
		SolutionGuid = {17DFEA99-F6F0-4354-94D4-AE210A85A3C9}
	EndGlobalSection
EndGlobal
